// !$*UTF8*$!
{
	archiveVersion = 1;
	classes = {
	};
	objectVersion = 46;
	objects = {

/* Begin PBXBuildFile section */
		F672C27F1B03544800B434F6 /* PreferencesViewController.swift in Sources */ = {isa = PBXBuildFile; fileRef = F672C27E1B03544800B434F6 /* PreferencesViewController.swift */; };
		F680B3D61AF688FF00841DE3 /* NSWindow+Popover.swift in Sources */ = {isa = PBXBuildFile; fileRef = F680B3D51AF688FF00841DE3 /* NSWindow+Popover.swift */; };
		F680B3DA1AF755B400841DE3 /* ViewModel.swift in Sources */ = {isa = PBXBuildFile; fileRef = F680B3D91AF755B400841DE3 /* ViewModel.swift */; };
		F6CD5A191AFB58EF00CB1F41 /* BreakViewController.swift in Sources */ = {isa = PBXBuildFile; fileRef = F6CD5A181AFB58EF00CB1F41 /* BreakViewController.swift */; };
		F6CD5A1F1AFB634400CB1F41 /* OpenSans-Semibold.ttf in Resources */ = {isa = PBXBuildFile; fileRef = F6CD5A1B1AFB633800CB1F41 /* OpenSans-Semibold.ttf */; };
		F6CD5A201AFB634600CB1F41 /* OpenSans-Regular.ttf in Resources */ = {isa = PBXBuildFile; fileRef = F6CD5A1C1AFB633800CB1F41 /* OpenSans-Regular.ttf */; };
		F6CD5A211AFB634900CB1F41 /* OpenSans-LightItalic.ttf in Resources */ = {isa = PBXBuildFile; fileRef = F6CD5A1D1AFB633800CB1F41 /* OpenSans-LightItalic.ttf */; };
		F6CE7B4E1AF946DB004EB930 /* TextSplitter.swift in Sources */ = {isa = PBXBuildFile; fileRef = F6CE7B4D1AF946DB004EB930 /* TextSplitter.swift */; };
		F6CEED441AFA19F700868F19 /* TextAttributter.swift in Sources */ = {isa = PBXBuildFile; fileRef = F6CEED431AFA19F700868F19 /* TextAttributter.swift */; };
		F6CEED461AFA1EA200868F19 /* DateFormatting.swift in Sources */ = {isa = PBXBuildFile; fileRef = F6CEED451AFA1EA200868F19 /* DateFormatting.swift */; };
		F6D10D841AF6125B00EA9BB2 /* PopoverManager.swift in Sources */ = {isa = PBXBuildFile; fileRef = F6D10D831AF6125B00EA9BB2 /* PopoverManager.swift */; };
		F6D10D861AF6129800EA9BB2 /* PopoverController.swift in Sources */ = {isa = PBXBuildFile; fileRef = F6D10D851AF6129800EA9BB2 /* PopoverController.swift */; };
		F6D10D8A1AF6236800EA9BB2 /* PopoverView.swift in Sources */ = {isa = PBXBuildFile; fileRef = F6D10D891AF6236800EA9BB2 /* PopoverView.swift */; };
		F6D10D901AF63A0F00EA9BB2 /* PopoverWindowController.swift in Sources */ = {isa = PBXBuildFile; fileRef = F6D10D8F1AF63A0F00EA9BB2 /* PopoverWindowController.swift */; };
		F6D5B8021AFF6F7D00A76043 /* Done.wav in Resources */ = {isa = PBXBuildFile; fileRef = F6D5B8011AFF6F7D00A76043 /* Done.wav */; };
		F6D5B8051AFF741B00A76043 /* Sound.swift in Sources */ = {isa = PBXBuildFile; fileRef = F6D5B8041AFF741B00A76043 /* Sound.swift */; };
		F6D5B8071AFFC55000A76043 /* PreferencesWindowController.swift in Sources */ = {isa = PBXBuildFile; fileRef = F6D5B8061AFFC55000A76043 /* PreferencesWindowController.swift */; };
		F6D5B8091AFFD38100A76043 /* RoundedPreferencesView.swift in Sources */ = {isa = PBXBuildFile; fileRef = F6D5B8081AFFD38100A76043 /* RoundedPreferencesView.swift */; };
		F6E2261E1AF3FF4900125CA4 /* AppDelegate.swift in Sources */ = {isa = PBXBuildFile; fileRef = F6E2261D1AF3FF4900125CA4 /* AppDelegate.swift */; };
		F6E226201AF3FF4900125CA4 /* Images.xcassets in Resources */ = {isa = PBXBuildFile; fileRef = F6E2261F1AF3FF4900125CA4 /* Images.xcassets */; };
		F6E226231AF3FF4900125CA4 /* MainMenu.xib in Resources */ = {isa = PBXBuildFile; fileRef = F6E226211AF3FF4900125CA4 /* MainMenu.xib */; };
		F6E2262F1AF3FF4900125CA4 /* ProdamTests.swift in Sources */ = {isa = PBXBuildFile; fileRef = F6E2262E1AF3FF4900125CA4 /* ProdamTests.swift */; };
		F6E398DE1AFCC4DC00E3C0BE /* NSFont+Prodam.swift in Sources */ = {isa = PBXBuildFile; fileRef = F6E398DD1AFCC4DC00E3C0BE /* NSFont+Prodam.swift */; };
		F6E398E01AFCC4F100E3C0BE /* NSColor+Prodam.swift in Sources */ = {isa = PBXBuildFile; fileRef = F6E398DF1AFCC4F100E3C0BE /* NSColor+Prodam.swift */; };
		F6E398E21AFCCB2C00E3C0BE /* Quotes.swift in Sources */ = {isa = PBXBuildFile; fileRef = F6E398E11AFCCB2C00E3C0BE /* Quotes.swift */; };
		F6F537B61AFA8F670096566B /* BreakWindowController.swift in Sources */ = {isa = PBXBuildFile; fileRef = F6F537B51AFA8F670096566B /* BreakWindowController.swift */; };
		F6F537B81AFA93BD0096566B /* BreakWindow.swift in Sources */ = {isa = PBXBuildFile; fileRef = F6F537B71AFA93BD0096566B /* BreakWindow.swift */; };
		F6F78A311AFA9BF70055FC5D /* RoundedCornerView.swift in Sources */ = {isa = PBXBuildFile; fileRef = F6F78A301AFA9BF70055FC5D /* RoundedCornerView.swift */; };
/* End PBXBuildFile section */

/* Begin PBXContainerItemProxy section */
		F6E226291AF3FF4900125CA4 /* PBXContainerItemProxy */ = {
			isa = PBXContainerItemProxy;
			containerPortal = F6E226101AF3FF4900125CA4 /* Project object */;
			proxyType = 1;
			remoteGlobalIDString = F6E226171AF3FF4900125CA4;
			remoteInfo = Prodam;
		};
/* End PBXContainerItemProxy section */

/* Begin PBXFileReference section */
		F672C27E1B03544800B434F6 /* PreferencesViewController.swift */ = {isa = PBXFileReference; fileEncoding = 4; lastKnownFileType = sourcecode.swift; path = PreferencesViewController.swift; sourceTree = "<group>"; };
		F680B3D51AF688FF00841DE3 /* NSWindow+Popover.swift */ = {isa = PBXFileReference; fileEncoding = 4; lastKnownFileType = sourcecode.swift; path = "NSWindow+Popover.swift"; sourceTree = "<group>"; };
		F680B3D91AF755B400841DE3 /* ViewModel.swift */ = {isa = PBXFileReference; fileEncoding = 4; lastKnownFileType = sourcecode.swift; path = ViewModel.swift; sourceTree = "<group>"; };
		F6CD5A181AFB58EF00CB1F41 /* BreakViewController.swift */ = {isa = PBXFileReference; fileEncoding = 4; lastKnownFileType = sourcecode.swift; path = BreakViewController.swift; sourceTree = "<group>"; };
		F6CD5A1B1AFB633800CB1F41 /* OpenSans-Semibold.ttf */ = {isa = PBXFileReference; lastKnownFileType = file; path = "OpenSans-Semibold.ttf"; sourceTree = "<group>"; };
		F6CD5A1C1AFB633800CB1F41 /* OpenSans-Regular.ttf */ = {isa = PBXFileReference; lastKnownFileType = file; path = "OpenSans-Regular.ttf"; sourceTree = "<group>"; };
		F6CD5A1D1AFB633800CB1F41 /* OpenSans-LightItalic.ttf */ = {isa = PBXFileReference; lastKnownFileType = file; path = "OpenSans-LightItalic.ttf"; sourceTree = "<group>"; };
		F6CE7B4D1AF946DB004EB930 /* TextSplitter.swift */ = {isa = PBXFileReference; fileEncoding = 4; lastKnownFileType = sourcecode.swift; path = TextSplitter.swift; sourceTree = "<group>"; };
		F6CEED431AFA19F700868F19 /* TextAttributter.swift */ = {isa = PBXFileReference; fileEncoding = 4; lastKnownFileType = sourcecode.swift; path = TextAttributter.swift; sourceTree = "<group>"; };
		F6CEED451AFA1EA200868F19 /* DateFormatting.swift */ = {isa = PBXFileReference; fileEncoding = 4; lastKnownFileType = sourcecode.swift; path = DateFormatting.swift; sourceTree = "<group>"; };
		F6D10D831AF6125B00EA9BB2 /* PopoverManager.swift */ = {isa = PBXFileReference; fileEncoding = 4; lastKnownFileType = sourcecode.swift; path = PopoverManager.swift; sourceTree = "<group>"; };
		F6D10D851AF6129800EA9BB2 /* PopoverController.swift */ = {isa = PBXFileReference; fileEncoding = 4; lastKnownFileType = sourcecode.swift; path = PopoverController.swift; sourceTree = "<group>"; };
		F6D10D891AF6236800EA9BB2 /* PopoverView.swift */ = {isa = PBXFileReference; fileEncoding = 4; lastKnownFileType = sourcecode.swift; path = PopoverView.swift; sourceTree = "<group>"; };
		F6D10D8F1AF63A0F00EA9BB2 /* PopoverWindowController.swift */ = {isa = PBXFileReference; fileEncoding = 4; lastKnownFileType = sourcecode.swift; path = PopoverWindowController.swift; sourceTree = "<group>"; };
		F6D5B8011AFF6F7D00A76043 /* Done.wav */ = {isa = PBXFileReference; lastKnownFileType = audio.wav; path = Done.wav; sourceTree = "<group>"; };
		F6D5B8041AFF741B00A76043 /* Sound.swift */ = {isa = PBXFileReference; fileEncoding = 4; lastKnownFileType = sourcecode.swift; path = Sound.swift; sourceTree = "<group>"; };
		F6D5B8061AFFC55000A76043 /* PreferencesWindowController.swift */ = {isa = PBXFileReference; fileEncoding = 4; lastKnownFileType = sourcecode.swift; path = PreferencesWindowController.swift; sourceTree = "<group>"; };
		F6D5B8081AFFD38100A76043 /* RoundedPreferencesView.swift */ = {isa = PBXFileReference; fileEncoding = 4; lastKnownFileType = sourcecode.swift; path = RoundedPreferencesView.swift; sourceTree = "<group>"; };
		F6E226181AF3FF4900125CA4 /* Prodam.app */ = {isa = PBXFileReference; explicitFileType = wrapper.application; includeInIndex = 0; path = Prodam.app; sourceTree = BUILT_PRODUCTS_DIR; };
		F6E2261C1AF3FF4900125CA4 /* Info.plist */ = {isa = PBXFileReference; lastKnownFileType = text.plist.xml; path = Info.plist; sourceTree = "<group>"; };
		F6E2261D1AF3FF4900125CA4 /* AppDelegate.swift */ = {isa = PBXFileReference; lastKnownFileType = sourcecode.swift; path = AppDelegate.swift; sourceTree = "<group>"; };
		F6E2261F1AF3FF4900125CA4 /* Images.xcassets */ = {isa = PBXFileReference; lastKnownFileType = folder.assetcatalog; path = Images.xcassets; sourceTree = "<group>"; };
		F6E226221AF3FF4900125CA4 /* Base */ = {isa = PBXFileReference; lastKnownFileType = file.xib; name = Base; path = Base.lproj/MainMenu.xib; sourceTree = "<group>"; };
		F6E226281AF3FF4900125CA4 /* ProdamTests.xctest */ = {isa = PBXFileReference; explicitFileType = wrapper.cfbundle; includeInIndex = 0; path = ProdamTests.xctest; sourceTree = BUILT_PRODUCTS_DIR; };
		F6E2262D1AF3FF4900125CA4 /* Info.plist */ = {isa = PBXFileReference; lastKnownFileType = text.plist.xml; path = Info.plist; sourceTree = "<group>"; };
		F6E2262E1AF3FF4900125CA4 /* ProdamTests.swift */ = {isa = PBXFileReference; lastKnownFileType = sourcecode.swift; path = ProdamTests.swift; sourceTree = "<group>"; };
		F6E398DD1AFCC4DC00E3C0BE /* NSFont+Prodam.swift */ = {isa = PBXFileReference; fileEncoding = 4; lastKnownFileType = sourcecode.swift; path = "NSFont+Prodam.swift"; sourceTree = "<group>"; };
		F6E398DF1AFCC4F100E3C0BE /* NSColor+Prodam.swift */ = {isa = PBXFileReference; fileEncoding = 4; lastKnownFileType = sourcecode.swift; path = "NSColor+Prodam.swift"; sourceTree = "<group>"; };
		F6E398E11AFCCB2C00E3C0BE /* Quotes.swift */ = {isa = PBXFileReference; fileEncoding = 4; lastKnownFileType = sourcecode.swift; path = Quotes.swift; sourceTree = "<group>"; };
		F6F537B51AFA8F670096566B /* BreakWindowController.swift */ = {isa = PBXFileReference; fileEncoding = 4; lastKnownFileType = sourcecode.swift; path = BreakWindowController.swift; sourceTree = "<group>"; };
		F6F537B71AFA93BD0096566B /* BreakWindow.swift */ = {isa = PBXFileReference; fileEncoding = 4; lastKnownFileType = sourcecode.swift; path = BreakWindow.swift; sourceTree = "<group>"; };
		F6F78A301AFA9BF70055FC5D /* RoundedCornerView.swift */ = {isa = PBXFileReference; fileEncoding = 4; lastKnownFileType = sourcecode.swift; path = RoundedCornerView.swift; sourceTree = "<group>"; };
/* End PBXFileReference section */

/* Begin PBXFrameworksBuildPhase section */
		F6E226151AF3FF4900125CA4 /* Frameworks */ = {
			isa = PBXFrameworksBuildPhase;
			buildActionMask = 2147483647;
			files = (
			);
			runOnlyForDeploymentPostprocessing = 0;
		};
		F6E226251AF3FF4900125CA4 /* Frameworks */ = {
			isa = PBXFrameworksBuildPhase;
			buildActionMask = 2147483647;
			files = (
			);
			runOnlyForDeploymentPostprocessing = 0;
		};
/* End PBXFrameworksBuildPhase section */

/* Begin PBXGroup section */
		F680B3D21AF6852B00841DE3 /* Resources */ = {
			isa = PBXGroup;
			children = (
				F6CD5A1E1AFB633C00CB1F41 /* Fonts */,
				F6CD5A1A1AFB633000CB1F41 /* Images */,
				F6D5B8031AFF6F8000A76043 /* Sounds */,
			);
			name = Resources;
			sourceTree = "<group>";
		};
		F680B3D31AF6853600841DE3 /* Window controllers */ = {
			isa = PBXGroup;
			children = (
				F6D5B8061AFFC55000A76043 /* PreferencesWindowController.swift */,
				F6F537B51AFA8F670096566B /* BreakWindowController.swift */,
				F6D10D8F1AF63A0F00EA9BB2 /* PopoverWindowController.swift */,
			);
			name = "Window controllers";
			sourceTree = "<group>";
		};
		F680B3D71AF6896800841DE3 /* Overrides */ = {
			isa = PBXGroup;
			children = (
				F6E398DD1AFCC4DC00E3C0BE /* NSFont+Prodam.swift */,
				F6E398DF1AFCC4F100E3C0BE /* NSColor+Prodam.swift */,
				F6F78A301AFA9BF70055FC5D /* RoundedCornerView.swift */,
				F6D5B8081AFFD38100A76043 /* RoundedPreferencesView.swift */,
				F680B3D51AF688FF00841DE3 /* NSWindow+Popover.swift */,
			);
			name = Overrides;
			sourceTree = "<group>";
		};
		F680B3D81AF755A500841DE3 /* Managers */ = {
			isa = PBXGroup;
			children = (
				F6D10D831AF6125B00EA9BB2 /* PopoverManager.swift */,
				F680B3D91AF755B400841DE3 /* ViewModel.swift */,
			);
			name = Managers;
			sourceTree = "<group>";
		};
		F680B3DB1AF7560100841DE3 /* Custom views */ = {
			isa = PBXGroup;
			children = (
				F6F537B71AFA93BD0096566B /* BreakWindow.swift */,
				F6D10D891AF6236800EA9BB2 /* PopoverView.swift */,
			);
			name = "Custom views";
			sourceTree = "<group>";
		};
		F6CD5A1A1AFB633000CB1F41 /* Images */ = {
			isa = PBXGroup;
			children = (
				F6E2261F1AF3FF4900125CA4 /* Images.xcassets */,
			);
			name = Images;
			sourceTree = "<group>";
		};
		F6CD5A1E1AFB633C00CB1F41 /* Fonts */ = {
			isa = PBXGroup;
			children = (
				F6CD5A1B1AFB633800CB1F41 /* OpenSans-Semibold.ttf */,
				F6CD5A1C1AFB633800CB1F41 /* OpenSans-Regular.ttf */,
				F6CD5A1D1AFB633800CB1F41 /* OpenSans-LightItalic.ttf */,
			);
			name = Fonts;
			sourceTree = "<group>";
		};
		F6CE7B4F1AF946DE004EB930 /* Helper classes */ = {
			isa = PBXGroup;
			children = (
				F6CEED451AFA1EA200868F19 /* DateFormatting.swift */,
				F6CEED431AFA19F700868F19 /* TextAttributter.swift */,
				F6CE7B4D1AF946DB004EB930 /* TextSplitter.swift */,
				F6E398E11AFCCB2C00E3C0BE /* Quotes.swift */,
				F6D5B8041AFF741B00A76043 /* Sound.swift */,
			);
			name = "Helper classes";
			sourceTree = "<group>";
		};
		F6D5B8031AFF6F8000A76043 /* Sounds */ = {
			isa = PBXGroup;
			children = (
				F6D5B8011AFF6F7D00A76043 /* Done.wav */,
			);
			name = Sounds;
			sourceTree = "<group>";
		};
		F6E2260F1AF3FF4900125CA4 = {
			isa = PBXGroup;
			children = (
				F6E2261A1AF3FF4900125CA4 /* Prodam */,
				F6E2262B1AF3FF4900125CA4 /* ProdamTests */,
				F6E226191AF3FF4900125CA4 /* Products */,
			);
			sourceTree = "<group>";
		};
		F6E226191AF3FF4900125CA4 /* Products */ = {
			isa = PBXGroup;
			children = (
				F6E226181AF3FF4900125CA4 /* Prodam.app */,
				F6E226281AF3FF4900125CA4 /* ProdamTests.xctest */,
			);
			name = Products;
			sourceTree = "<group>";
		};
		F6E2261A1AF3FF4900125CA4 /* Prodam */ = {
			isa = PBXGroup;
			children = (
				F6E398E31AFCD11C00E3C0BE /* App delegate */,
				F680B3D81AF755A500841DE3 /* Managers */,
				F6F537B41AFA8F520096566B /* View controllers */,
				F680B3D31AF6853600841DE3 /* Window controllers */,
				F6CE7B4F1AF946DE004EB930 /* Helper classes */,
				F680B3DB1AF7560100841DE3 /* Custom views */,
				F680B3D71AF6896800841DE3 /* Overrides */,
				F680B3D21AF6852B00841DE3 /* Resources */,
				F6E2261B1AF3FF4900125CA4 /* Supporting Files */,
			);
			path = Prodam;
			sourceTree = "<group>";
		};
		F6E2261B1AF3FF4900125CA4 /* Supporting Files */ = {
			isa = PBXGroup;
			children = (
				F6E226211AF3FF4900125CA4 /* MainMenu.xib */,
				F6E2261C1AF3FF4900125CA4 /* Info.plist */,
			);
			name = "Supporting Files";
			sourceTree = "<group>";
		};
		F6E2262B1AF3FF4900125CA4 /* ProdamTests */ = {
			isa = PBXGroup;
			children = (
				F6E2262E1AF3FF4900125CA4 /* ProdamTests.swift */,
				F6E2262C1AF3FF4900125CA4 /* Supporting Files */,
			);
			path = ProdamTests;
			sourceTree = "<group>";
		};
		F6E2262C1AF3FF4900125CA4 /* Supporting Files */ = {
			isa = PBXGroup;
			children = (
				F6E2262D1AF3FF4900125CA4 /* Info.plist */,
			);
			name = "Supporting Files";
			sourceTree = "<group>";
		};
		F6E398E31AFCD11C00E3C0BE /* App delegate */ = {
			isa = PBXGroup;
			children = (
				F6E2261D1AF3FF4900125CA4 /* AppDelegate.swift */,
			);
			name = "App delegate";
			sourceTree = "<group>";
		};
		F6F537B41AFA8F520096566B /* View controllers */ = {
			isa = PBXGroup;
			children = (
				F672C27E1B03544800B434F6 /* PreferencesViewController.swift */,
				F6CD5A181AFB58EF00CB1F41 /* BreakViewController.swift */,
				F6D10D851AF6129800EA9BB2 /* PopoverController.swift */,
			);
			name = "View controllers";
			sourceTree = "<group>";
		};
/* End PBXGroup section */

/* Begin PBXNativeTarget section */
		F6E226171AF3FF4900125CA4 /* Prodam */ = {
			isa = PBXNativeTarget;
			buildConfigurationList = F6E226321AF3FF4900125CA4 /* Build configuration list for PBXNativeTarget "Prodam" */;
			buildPhases = (
				F6E226141AF3FF4900125CA4 /* Sources */,
				F6E226151AF3FF4900125CA4 /* Frameworks */,
				F6E226161AF3FF4900125CA4 /* Resources */,
			);
			buildRules = (
			);
			dependencies = (
			);
			name = Prodam;
			productName = Prodam;
			productReference = F6E226181AF3FF4900125CA4 /* Prodam.app */;
			productType = "com.apple.product-type.application";
		};
		F6E226271AF3FF4900125CA4 /* ProdamTests */ = {
			isa = PBXNativeTarget;
			buildConfigurationList = F6E226351AF3FF4900125CA4 /* Build configuration list for PBXNativeTarget "ProdamTests" */;
			buildPhases = (
				F6E226241AF3FF4900125CA4 /* Sources */,
				F6E226251AF3FF4900125CA4 /* Frameworks */,
				F6E226261AF3FF4900125CA4 /* Resources */,
			);
			buildRules = (
			);
			dependencies = (
				F6E2262A1AF3FF4900125CA4 /* PBXTargetDependency */,
			);
			name = ProdamTests;
			productName = ProdamTests;
			productReference = F6E226281AF3FF4900125CA4 /* ProdamTests.xctest */;
			productType = "com.apple.product-type.bundle.unit-test";
		};
/* End PBXNativeTarget section */

/* Begin PBXProject section */
		F6E226101AF3FF4900125CA4 /* Project object */ = {
			isa = PBXProject;
			attributes = {
				LastUpgradeCheck = 0630;
				ORGANIZATIONNAME = "Ramon Gilabert";
				TargetAttributes = {
					F6E226171AF3FF4900125CA4 = {
						CreatedOnToolsVersion = 6.3.1;
					};
					F6E226271AF3FF4900125CA4 = {
						CreatedOnToolsVersion = 6.3.1;
						TestTargetID = F6E226171AF3FF4900125CA4;
					};
				};
			};
			buildConfigurationList = F6E226131AF3FF4900125CA4 /* Build configuration list for PBXProject "Prodam" */;
			compatibilityVersion = "Xcode 3.2";
			developmentRegion = English;
			hasScannedForEncodings = 0;
			knownRegions = (
				en,
				Base,
			);
			mainGroup = F6E2260F1AF3FF4900125CA4;
			productRefGroup = F6E226191AF3FF4900125CA4 /* Products */;
			projectDirPath = "";
			projectRoot = "";
			targets = (
				F6E226171AF3FF4900125CA4 /* Prodam */,
				F6E226271AF3FF4900125CA4 /* ProdamTests */,
			);
		};
/* End PBXProject section */

/* Begin PBXResourcesBuildPhase section */
		F6E226161AF3FF4900125CA4 /* Resources */ = {
			isa = PBXResourcesBuildPhase;
			buildActionMask = 2147483647;
			files = (
				F6CD5A1F1AFB634400CB1F41 /* OpenSans-Semibold.ttf in Resources */,
				F6E226201AF3FF4900125CA4 /* Images.xcassets in Resources */,
				F6CD5A201AFB634600CB1F41 /* OpenSans-Regular.ttf in Resources */,
				F6E226231AF3FF4900125CA4 /* MainMenu.xib in Resources */,
				F6D5B8021AFF6F7D00A76043 /* Done.wav in Resources */,
				F6CD5A211AFB634900CB1F41 /* OpenSans-LightItalic.ttf in Resources */,
			);
			runOnlyForDeploymentPostprocessing = 0;
		};
		F6E226261AF3FF4900125CA4 /* Resources */ = {
			isa = PBXResourcesBuildPhase;
			buildActionMask = 2147483647;
			files = (
			);
			runOnlyForDeploymentPostprocessing = 0;
		};
/* End PBXResourcesBuildPhase section */

/* Begin PBXSourcesBuildPhase section */
		F6E226141AF3FF4900125CA4 /* Sources */ = {
			isa = PBXSourcesBuildPhase;
			buildActionMask = 2147483647;
			files = (
				F6D10D841AF6125B00EA9BB2 /* PopoverManager.swift in Sources */,
				F6CE7B4E1AF946DB004EB930 /* TextSplitter.swift in Sources */,
				F6D10D901AF63A0F00EA9BB2 /* PopoverWindowController.swift in Sources */,
				F680B3D61AF688FF00841DE3 /* NSWindow+Popover.swift in Sources */,
				F6D10D861AF6129800EA9BB2 /* PopoverController.swift in Sources */,
				F6F78A311AFA9BF70055FC5D /* RoundedCornerView.swift in Sources */,
				F6D5B8071AFFC55000A76043 /* PreferencesWindowController.swift in Sources */,
				F6CEED441AFA19F700868F19 /* TextAttributter.swift in Sources */,
				F6F537B61AFA8F670096566B /* BreakWindowController.swift in Sources */,
				F6D10D8A1AF6236800EA9BB2 /* PopoverView.swift in Sources */,
				F6E398DE1AFCC4DC00E3C0BE /* NSFont+Prodam.swift in Sources */,
				F6E2261E1AF3FF4900125CA4 /* AppDelegate.swift in Sources */,
				F6CD5A191AFB58EF00CB1F41 /* BreakViewController.swift in Sources */,
				F6D5B8091AFFD38100A76043 /* RoundedPreferencesView.swift in Sources */,
				F6F537B81AFA93BD0096566B /* BreakWindow.swift in Sources */,
				F6E398E01AFCC4F100E3C0BE /* NSColor+Prodam.swift in Sources */,
				F6E398E21AFCCB2C00E3C0BE /* Quotes.swift in Sources */,
				F6CEED461AFA1EA200868F19 /* DateFormatting.swift in Sources */,
				F680B3DA1AF755B400841DE3 /* ViewModel.swift in Sources */,
				F6D5B8051AFF741B00A76043 /* Sound.swift in Sources */,
				F672C27F1B03544800B434F6 /* PreferencesViewController.swift in Sources */,
			);
			runOnlyForDeploymentPostprocessing = 0;
		};
		F6E226241AF3FF4900125CA4 /* Sources */ = {
			isa = PBXSourcesBuildPhase;
			buildActionMask = 2147483647;
			files = (
				F6E2262F1AF3FF4900125CA4 /* ProdamTests.swift in Sources */,
			);
			runOnlyForDeploymentPostprocessing = 0;
		};
/* End PBXSourcesBuildPhase section */

/* Begin PBXTargetDependency section */
		F6E2262A1AF3FF4900125CA4 /* PBXTargetDependency */ = {
			isa = PBXTargetDependency;
			target = F6E226171AF3FF4900125CA4 /* Prodam */;
			targetProxy = F6E226291AF3FF4900125CA4 /* PBXContainerItemProxy */;
		};
/* End PBXTargetDependency section */

/* Begin PBXVariantGroup section */
		F6E226211AF3FF4900125CA4 /* MainMenu.xib */ = {
			isa = PBXVariantGroup;
			children = (
				F6E226221AF3FF4900125CA4 /* Base */,
			);
			name = MainMenu.xib;
			sourceTree = "<group>";
		};
/* End PBXVariantGroup section */

/* Begin XCBuildConfiguration section */
		F6E226301AF3FF4900125CA4 /* Debug */ = {
			isa = XCBuildConfiguration;
			buildSettings = {
				ALWAYS_SEARCH_USER_PATHS = NO;
				CLANG_CXX_LANGUAGE_STANDARD = "gnu++0x";
				CLANG_CXX_LIBRARY = "libc++";
				CLANG_ENABLE_MODULES = YES;
				CLANG_ENABLE_OBJC_ARC = YES;
				CLANG_WARN_BOOL_CONVERSION = YES;
				CLANG_WARN_CONSTANT_CONVERSION = YES;
				CLANG_WARN_DIRECT_OBJC_ISA_USAGE = YES_ERROR;
				CLANG_WARN_EMPTY_BODY = YES;
				CLANG_WARN_ENUM_CONVERSION = YES;
				CLANG_WARN_INT_CONVERSION = YES;
				CLANG_WARN_OBJC_ROOT_CLASS = YES_ERROR;
				CLANG_WARN_UNREACHABLE_CODE = YES;
				CLANG_WARN__DUPLICATE_METHOD_MATCH = YES;
				CODE_SIGN_IDENTITY = "-";
				COPY_PHASE_STRIP = NO;
				DEBUG_INFORMATION_FORMAT = dwarf;
				ENABLE_STRICT_OBJC_MSGSEND = YES;
				GCC_C_LANGUAGE_STANDARD = gnu99;
				GCC_DYNAMIC_NO_PIC = NO;
				GCC_NO_COMMON_BLOCKS = YES;
				GCC_OPTIMIZATION_LEVEL = 0;
				GCC_PREPROCESSOR_DEFINITIONS = (
					"DEBUG=1",
					"$(inherited)",
				);
				GCC_SYMBOLS_PRIVATE_EXTERN = NO;
				GCC_WARN_64_TO_32_BIT_CONVERSION = YES;
				GCC_WARN_ABOUT_RETURN_TYPE = YES_ERROR;
				GCC_WARN_UNDECLARED_SELECTOR = YES;
				GCC_WARN_UNINITIALIZED_AUTOS = YES_AGGRESSIVE;
				GCC_WARN_UNUSED_FUNCTION = YES;
				GCC_WARN_UNUSED_VARIABLE = YES;
				MACOSX_DEPLOYMENT_TARGET = 10.10;
				MTL_ENABLE_DEBUG_INFO = YES;
				ONLY_ACTIVE_ARCH = YES;
				SDKROOT = macosx;
				SWIFT_OPTIMIZATION_LEVEL = "-Onone";
			};
			name = Debug;
		};
		F6E226311AF3FF4900125CA4 /* Release */ = {
			isa = XCBuildConfiguration;
			buildSettings = {
				ALWAYS_SEARCH_USER_PATHS = NO;
				CLANG_CXX_LANGUAGE_STANDARD = "gnu++0x";
				CLANG_CXX_LIBRARY = "libc++";
				CLANG_ENABLE_MODULES = YES;
				CLANG_ENABLE_OBJC_ARC = YES;
				CLANG_WARN_BOOL_CONVERSION = YES;
				CLANG_WARN_CONSTANT_CONVERSION = YES;
				CLANG_WARN_DIRECT_OBJC_ISA_USAGE = YES_ERROR;
				CLANG_WARN_EMPTY_BODY = YES;
				CLANG_WARN_ENUM_CONVERSION = YES;
				CLANG_WARN_INT_CONVERSION = YES;
				CLANG_WARN_OBJC_ROOT_CLASS = YES_ERROR;
				CLANG_WARN_UNREACHABLE_CODE = YES;
				CLANG_WARN__DUPLICATE_METHOD_MATCH = YES;
				CODE_SIGN_IDENTITY = "-";
				COPY_PHASE_STRIP = NO;
				DEBUG_INFORMATION_FORMAT = "dwarf-with-dsym";
				ENABLE_NS_ASSERTIONS = NO;
				ENABLE_STRICT_OBJC_MSGSEND = YES;
				GCC_C_LANGUAGE_STANDARD = gnu99;
				GCC_NO_COMMON_BLOCKS = YES;
				GCC_WARN_64_TO_32_BIT_CONVERSION = YES;
				GCC_WARN_ABOUT_RETURN_TYPE = YES_ERROR;
				GCC_WARN_UNDECLARED_SELECTOR = YES;
				GCC_WARN_UNINITIALIZED_AUTOS = YES_AGGRESSIVE;
				GCC_WARN_UNUSED_FUNCTION = YES;
				GCC_WARN_UNUSED_VARIABLE = YES;
				MACOSX_DEPLOYMENT_TARGET = 10.10;
				MTL_ENABLE_DEBUG_INFO = NO;
				SDKROOT = macosx;
			};
			name = Release;
		};
		F6E226331AF3FF4900125CA4 /* Debug */ = {
			isa = XCBuildConfiguration;
			buildSettings = {
				ASSETCATALOG_COMPILER_APPICON_NAME = AppIcon;
				COMBINE_HIDPI_IMAGES = YES;
				INFOPLIST_FILE = Prodam/Info.plist;
				LD_RUNPATH_SEARCH_PATHS = "$(inherited) @executable_path/../Frameworks";
				PRODUCT_NAME = "$(TARGET_NAME)";
			};
			name = Debug;
		};
		F6E226341AF3FF4900125CA4 /* Release */ = {
			isa = XCBuildConfiguration;
			buildSettings = {
				ASSETCATALOG_COMPILER_APPICON_NAME = AppIcon;
				COMBINE_HIDPI_IMAGES = YES;
				INFOPLIST_FILE = Prodam/Info.plist;
				LD_RUNPATH_SEARCH_PATHS = "$(inherited) @executable_path/../Frameworks";
				PRODUCT_NAME = "$(TARGET_NAME)";
			};
			name = Release;
		};
		F6E226361AF3FF4900125CA4 /* Debug */ = {
			isa = XCBuildConfiguration;
			buildSettings = {
				BUNDLE_LOADER = "$(TEST_HOST)";
				COMBINE_HIDPI_IMAGES = YES;
				FRAMEWORK_SEARCH_PATHS = (
					"$(DEVELOPER_FRAMEWORKS_DIR)",
					"$(inherited)",
				);
				GCC_PREPROCESSOR_DEFINITIONS = (
					"DEBUG=1",
					"$(inherited)",
				);
				INFOPLIST_FILE = ProdamTests/Info.plist;
				LD_RUNPATH_SEARCH_PATHS = "$(inherited) @executable_path/../Frameworks @loader_path/../Frameworks";
				PRODUCT_NAME = "$(TARGET_NAME)";
				TEST_HOST = "$(BUILT_PRODUCTS_DIR)/Prodam.app/Contents/MacOS/Prodam";
			};
			name = Debug;
		};
		F6E226371AF3FF4900125CA4 /* Release */ = {
			isa = XCBuildConfiguration;
			buildSettings = {
				BUNDLE_LOADER = "$(TEST_HOST)";
				COMBINE_HIDPI_IMAGES = YES;
				FRAMEWORK_SEARCH_PATHS = (
					"$(DEVELOPER_FRAMEWORKS_DIR)",
					"$(inherited)",
				);
				INFOPLIST_FILE = ProdamTests/Info.plist;
				LD_RUNPATH_SEARCH_PATHS = "$(inherited) @executable_path/../Frameworks @loader_path/../Frameworks";
				PRODUCT_NAME = "$(TARGET_NAME)";
				TEST_HOST = "$(BUILT_PRODUCTS_DIR)/Prodam.app/Contents/MacOS/Prodam";
			};
			name = Release;
		};
/* End XCBuildConfiguration section */

/* Begin XCConfigurationList section */
		F6E226131AF3FF4900125CA4 /* Build configuration list for PBXProject "Prodam" */ = {
			isa = XCConfigurationList;
			buildConfigurations = (
				F6E226301AF3FF4900125CA4 /* Debug */,
				F6E226311AF3FF4900125CA4 /* Release */,
			);
			defaultConfigurationIsVisible = 0;
			defaultConfigurationName = Release;
		};
		F6E226321AF3FF4900125CA4 /* Build configuration list for PBXNativeTarget "Prodam" */ = {
			isa = XCConfigurationList;
			buildConfigurations = (
				F6E226331AF3FF4900125CA4 /* Debug */,
				F6E226341AF3FF4900125CA4 /* Release */,
			);
			defaultConfigurationIsVisible = 0;
			defaultConfigurationName = Release;
		};
		F6E226351AF3FF4900125CA4 /* Build configuration list for PBXNativeTarget "ProdamTests" */ = {
			isa = XCConfigurationList;
			buildConfigurations = (
				F6E226361AF3FF4900125CA4 /* Debug */,
				F6E226371AF3FF4900125CA4 /* Release */,
			);
			defaultConfigurationIsVisible = 0;
			defaultConfigurationName = Release;
		};
/* End XCConfigurationList section */
	};
	rootObject = F6E226101AF3FF4900125CA4 /* Project object */;
}
